
Microsoft Visual Studio Solution File, Format Version 12.00
# Visual Studio 15
Project("{FAE04EC0-301F-11D3-BF4B-00C04F79EFBC}") = "googlevr.bindings.droid", "googlevr.bindings.droid\googlevr.bindings.droid.csproj", "{912A299A-D808-40DF-8D79-6AE4A686D1F2}"
EndProject
Project("{FAE04EC0-301F-11D3-BF4B-00C04F79EFBC}") = "googlevr.bindings.ios", "googlevr.bindings.ios\googlevr.bindings.ios.csproj", "{FE1C819A-B5B7-4F4F-82B4-A5AE4A50E66C}"
EndProject
Project("{FAE04EC0-301F-11D3-BF4B-00C04F79EFBC}") = "Google.VR.GVRKit.iOS", "Google.VR.GVRKit.iOS\Google.VR.GVRKit.iOS.csproj", "{900F654C-96E2-4672-8D73-EB7BE7CDF298}"
EndProject
Project("{FAE04EC0-301F-11D3-BF4B-00C04F79EFBC}") = "VideoPlayer360", "VideoPlayer360\VideoPlayer360.csproj", "{352B1F16-6423-4BF7-8261-0A679A4C03AA}"
EndProject
Global
	GlobalSection(SolutionConfigurationPlatforms) = preSolution
		Debug|Any CPU = Debug|Any CPU
		Release|Any CPU = Release|Any CPU
	EndGlobalSection
	GlobalSection(ProjectConfigurationPlatforms) = postSolution
		{912A299A-D808-40DF-8D79-6AE4A686D1F2}.Debug|Any CPU.ActiveCfg = Debug|Any CPU
		{912A299A-D808-40DF-8D79-6AE4A686D1F2}.Debug|Any CPU.Build.0 = Debug|Any CPU
		{912A299A-D808-40DF-8D79-6AE4A686D1F2}.Release|Any CPU.ActiveCfg = Release|Any CPU
		{912A299A-D808-40DF-8D79-6AE4A686D1F2}.Release|Any CPU.Build.0 = Release|Any CPU
		{FE1C819A-B5B7-4F4F-82B4-A5AE4A50E66C}.Debug|Any CPU.ActiveCfg = Debug|Any CPU
		{FE1C819A-B5B7-4F4F-82B4-A5AE4A50E66C}.Debug|Any CPU.Build.0 = Debug|Any CPU
		{FE1C819A-B5B7-4F4F-82B4-A5AE4A50E66C}.Release|Any CPU.ActiveCfg = Release|Any CPU
		{FE1C819A-B5B7-4F4F-82B4-A5AE4A50E66C}.Release|Any CPU.Build.0 = Release|Any CPU
		{900F654C-96E2-4672-8D73-EB7BE7CDF298}.Debug|Any CPU.ActiveCfg = Debug|Any CPU
		{900F654C-96E2-4672-8D73-EB7BE7CDF298}.Debug|Any CPU.Build.0 = Debug|Any CPU
		{900F654C-96E2-4672-8D73-EB7BE7CDF298}.Release|Any CPU.ActiveCfg = Release|Any CPU
		{900F654C-96E2-4672-8D73-EB7BE7CDF298}.Release|Any CPU.Build.0 = Release|Any CPU
		{352B1F16-6423-4BF7-8261-0A679A4C03AA}.Debug|Any CPU.ActiveCfg = Debug|Any CPU
		{352B1F16-6423-4BF7-8261-0A679A4C03AA}.Debug|Any CPU.Build.0 = Debug|Any CPU
		{352B1F16-6423-4BF7-8261-0A679A4C03AA}.Release|Any CPU.ActiveCfg = Release|Any CPU
		{352B1F16-6423-4BF7-8261-0A679A4C03AA}.Release|Any CPU.Build.0 = Release|Any CPU
	EndGlobalSection
EndGlobal
